
Microsoft Visual Studio Solution File, Format Version 12.00
# Visual Studio Version 16
VisualStudioVersion = 16.0.31729.503
MinimumVisualStudioVersion = 10.0.40219.1
Project("{FAE04EC0-301F-11D3-BF4B-00C04F79EFBC}") = "CoreADO.NET", "CoreADO.NET.csproj", "{F91E7643-8436-4AB7-8DA0-ECDDAF8C1E3A}"
EndProject
Project("{FAE04EC0-301F-11D3-BF4B-00C04F79EFBC}") = "CoreDapper", "..\CoreDapper\CoreDapper.csproj", "{FC36B3AE-4F9B-4C7B-AE22-A8541A748AEE}"
EndProject
Project("{FAE04EC0-301F-11D3-BF4B-00C04F79EFBC}") = "CoreEntity", "..\CoreEntity\CoreEntity.csproj", "{9326CC54-AA93-429D-B4AD-5453893ABDBA}"
EndProject
Global
	GlobalSection(SolutionConfigurationPlatforms) = preSolution
		Debug|Any CPU = Debug|Any CPU
		Release|Any CPU = Release|Any CPU
	EndGlobalSection
	GlobalSection(ProjectConfigurationPlatforms) = postSolution
		{F91E7643-8436-4AB7-8DA0-ECDDAF8C1E3A}.Debug|Any CPU.ActiveCfg = Debug|Any CPU
		{F91E7643-8436-4AB7-8DA0-ECDDAF8C1E3A}.Debug|Any CPU.Build.0 = Debug|Any CPU
		{F91E7643-8436-4AB7-8DA0-ECDDAF8C1E3A}.Release|Any CPU.ActiveCfg = Release|Any CPU
		{F91E7643-8436-4AB7-8DA0-ECDDAF8C1E3A}.Release|Any CPU.Build.0 = Release|Any CPU
		{FC36B3AE-4F9B-4C7B-AE22-A8541A748AEE}.Debug|Any CPU.ActiveCfg = Debug|Any CPU
		{FC36B3AE-4F9B-4C7B-AE22-A8541A748AEE}.Debug|Any CPU.Build.0 = Debug|Any CPU
		{FC36B3AE-4F9B-4C7B-AE22-A8541A748AEE}.Release|Any CPU.ActiveCfg = Release|Any CPU
		{FC36B3AE-4F9B-4C7B-AE22-A8541A748AEE}.Release|Any CPU.Build.0 = Release|Any CPU
		{9326CC54-AA93-429D-B4AD-5453893ABDBA}.Debug|Any CPU.ActiveCfg = Debug|Any CPU
		{9326CC54-AA93-429D-B4AD-5453893ABDBA}.Debug|Any CPU.Build.0 = Debug|Any CPU
		{9326CC54-AA93-429D-B4AD-5453893ABDBA}.Release|Any CPU.ActiveCfg = Release|Any CPU
		{9326CC54-AA93-429D-B4AD-5453893ABDBA}.Release|Any CPU.Build.0 = Release|Any CPU
	EndGlobalSection
	GlobalSection(SolutionProperties) = preSolution
		HideSolutionNode = FALSE
	EndGlobalSection
	GlobalSection(ExtensibilityGlobals) = postSolution
		SolutionGuid = {8CBFA816-0463-48C0-A667-9F41AAC1A832}
	EndGlobalSection
EndGlobal
